
Microsoft Visual Studio Solution File, Format Version 12.00
# Visual Studio Version 16
VisualStudioVersion = 16.0.31702.278
MinimumVisualStudioVersion = 10.0.40219.1
Project("{2150E333-8FDC-42A3-9474-1A3956D46DE8}") = "Services", "Services", "{F5155965-E3D9-4E33-97C8-1868393F06C1}"
EndProject
Project("{2150E333-8FDC-42A3-9474-1A3956D46DE8}") = "Catalog", "Catalog", "{43228FD6-1A8A-4DC8-8318-BCAD9121CE8C}"
EndProject
Project("{9A19103F-16F7-4668-BE54-9A1E7A4F7556}") = "Catalog.API", "Services\Catalog\Catalog.API\Catalog.API.csproj", "{AFE3EAB6-6340-4880-9227-588B81DFF3E3}"
EndProject
Project("{E53339B2-1760-4266-BCC7-CA923CBCF16C}") = "docker-compose", "docker-compose.dcproj", "{BC741CDD-9D00-4485-A8C1-6CC2D6F8138F}"
EndProject
Project("{2150E333-8FDC-42A3-9474-1A3956D46DE8}") = "Basket", "Basket", "{BFA56BBD-302B-4F20-9445-709C6D0386FE}"
EndProject
Project("{9A19103F-16F7-4668-BE54-9A1E7A4F7556}") = "Basket.API", "Services\Basket\Basket.API\Basket.API.csproj", "{65D57DEC-F4E8-4EBD-AB58-04EB3AC6D7B2}"
EndProject
Project("{2150E333-8FDC-42A3-9474-1A3956D46DE8}") = "Discount", "Discount", "{096E9661-05D7-4543-B15A-FF337E607D7E}"
EndProject
Project("{9A19103F-16F7-4668-BE54-9A1E7A4F7556}") = "Discount.API", "Services\Discount\Discount.API\Discount.API.csproj", "{7F2F0475-2521-412D-A62A-86556F206A52}"
EndProject
Project("{9A19103F-16F7-4668-BE54-9A1E7A4F7556}") = "Discount.Grpc", "Services\Discount\Discount.Grpc\Discount.Grpc.csproj", "{E4840DC6-2F76-4BBF-9987-4D7EEFEEF67F}"
EndProject
Global
	GlobalSection(SolutionConfigurationPlatforms) = preSolution
		Debug|Any CPU = Debug|Any CPU
		Release|Any CPU = Release|Any CPU
	EndGlobalSection
	GlobalSection(ProjectConfigurationPlatforms) = postSolution
		{AFE3EAB6-6340-4880-9227-588B81DFF3E3}.Debug|Any CPU.ActiveCfg = Debug|Any CPU
		{AFE3EAB6-6340-4880-9227-588B81DFF3E3}.Debug|Any CPU.Build.0 = Debug|Any CPU
		{AFE3EAB6-6340-4880-9227-588B81DFF3E3}.Release|Any CPU.ActiveCfg = Release|Any CPU
		{AFE3EAB6-6340-4880-9227-588B81DFF3E3}.Release|Any CPU.Build.0 = Release|Any CPU
		{BC741CDD-9D00-4485-A8C1-6CC2D6F8138F}.Debug|Any CPU.ActiveCfg = Debug|Any CPU
		{BC741CDD-9D00-4485-A8C1-6CC2D6F8138F}.Debug|Any CPU.Build.0 = Debug|Any CPU
		{BC741CDD-9D00-4485-A8C1-6CC2D6F8138F}.Release|Any CPU.ActiveCfg = Release|Any CPU
		{BC741CDD-9D00-4485-A8C1-6CC2D6F8138F}.Release|Any CPU.Build.0 = Release|Any CPU
		{65D57DEC-F4E8-4EBD-AB58-04EB3AC6D7B2}.Debug|Any CPU.ActiveCfg = Debug|Any CPU
		{65D57DEC-F4E8-4EBD-AB58-04EB3AC6D7B2}.Debug|Any CPU.Build.0 = Debug|Any CPU
		{65D57DEC-F4E8-4EBD-AB58-04EB3AC6D7B2}.Release|Any CPU.ActiveCfg = Release|Any CPU
		{65D57DEC-F4E8-4EBD-AB58-04EB3AC6D7B2}.Release|Any CPU.Build.0 = Release|Any CPU
		{7F2F0475-2521-412D-A62A-86556F206A52}.Debug|Any CPU.ActiveCfg = Debug|Any CPU
		{7F2F0475-2521-412D-A62A-86556F206A52}.Debug|Any CPU.Build.0 = Debug|Any CPU
		{7F2F0475-2521-412D-A62A-86556F206A52}.Release|Any CPU.ActiveCfg = Release|Any CPU
		{7F2F0475-2521-412D-A62A-86556F206A52}.Release|Any CPU.Build.0 = Release|Any CPU
		{E4840DC6-2F76-4BBF-9987-4D7EEFEEF67F}.Debug|Any CPU.ActiveCfg = Debug|Any CPU
		{E4840DC6-2F76-4BBF-9987-4D7EEFEEF67F}.Debug|Any CPU.Build.0 = Debug|Any CPU
		{E4840DC6-2F76-4BBF-9987-4D7EEFEEF67F}.Release|Any CPU.ActiveCfg = Release|Any CPU
		{E4840DC6-2F76-4BBF-9987-4D7EEFEEF67F}.Release|Any CPU.Build.0 = Release|Any CPU
	EndGlobalSection
	GlobalSection(SolutionProperties) = preSolution
		HideSolutionNode = FALSE
	EndGlobalSection
	GlobalSection(NestedProjects) = preSolution
		{43228FD6-1A8A-4DC8-8318-BCAD9121CE8C} = {F5155965-E3D9-4E33-97C8-1868393F06C1}
		{AFE3EAB6-6340-4880-9227-588B81DFF3E3} = {43228FD6-1A8A-4DC8-8318-BCAD9121CE8C}
		{BFA56BBD-302B-4F20-9445-709C6D0386FE} = {F5155965-E3D9-4E33-97C8-1868393F06C1}
		{65D57DEC-F4E8-4EBD-AB58-04EB3AC6D7B2} = {BFA56BBD-302B-4F20-9445-709C6D0386FE}
		{096E9661-05D7-4543-B15A-FF337E607D7E} = {F5155965-E3D9-4E33-97C8-1868393F06C1}
		{7F2F0475-2521-412D-A62A-86556F206A52} = {096E9661-05D7-4543-B15A-FF337E607D7E}
		{E4840DC6-2F76-4BBF-9987-4D7EEFEEF67F} = {096E9661-05D7-4543-B15A-FF337E607D7E}
	EndGlobalSection
	GlobalSection(ExtensibilityGlobals) = postSolution
		SolutionGuid = {D6FB1C07-7757-460F-BB41-C3190A78C67B}
	EndGlobalSection
EndGlobal
